lockfileVersion: '9.0'

settings:
  autoInstallPeers: true
  excludeLinksFromLockfile: false

importers:

  .:
    devDependencies:
      '@biomejs/biome':
        specifier: 2.2.3
        version: 2.2.3
      '@rsbuild/core':
        specifier: ^1.5.17
        version: 1.5.17
      '@rslib/core':
        specifier: ^0.16.1
        version: 0.16.1(typescript@5.9.3)
      '@types/node':
        specifier: ^22.18.12
        version: 22.18.12
      typescript:
        specifier: ^5.9.3
        version: 5.9.3

packages:

  '@ast-grep/napi-darwin-arm64@0.37.0':
    resolution: {integrity: sha512-QAiIiaAbLvMEg/yBbyKn+p1gX2/FuaC0SMf7D7capm/oG4xGMzdeaQIcSosF4TCxxV+hIH4Bz9e4/u7w6Bnk3Q==}
    engines: {node: '>= 10'}
    cpu: [arm64]
    os: [darwin]

  '@ast-grep/napi-darwin-x64@0.37.0':
    resolution: {integrity: sha512-zvcvdgekd4ySV3zUbUp8HF5nk5zqwiMXTuVzTUdl/w08O7JjM6XPOIVT+d2o/MqwM9rsXdzdergY5oY2RdhSPA==}
    engines: {node: '>= 10'}
    cpu: [x64]
    os: [darwin]

  '@ast-grep/napi-linux-arm64-gnu@0.37.0':
    resolution: {integrity: sha512-L7Sj0lXy8X+BqSMgr1LB8cCoWk0rericdeu+dC8/c8zpsav5Oo2IQKY1PmiZ7H8IHoFBbURLf8iklY9wsD+cyA==}
    engines: {node: '>= 10'}
    cpu: [arm64]
    os: [linux]

  '@ast-grep/napi-linux-arm64-musl@0.37.0':
    resolution: {integrity: sha512-LF9sAvYy6es/OdyJDO3RwkX3I82Vkfsng1sqUBcoWC1jVb1wX5YVzHtpQox9JrEhGl+bNp7FYxB4Qba9OdA5GA==}
    engines: {node: '>= 10'}
    cpu: [arm64]
    os: [linux]

  '@ast-grep/napi-linux-x64-gnu@0.37.0':
    resolution: {integrity: sha512-TViz5/klqre6aSmJzswEIjApnGjJzstG/SE8VDWsrftMBMYt2PTu3MeluZVwzSqDao8doT/P+6U11dU05UOgxw==}
    engines: {node: '>= 10'}
    cpu: [x64]
    os: [linux]

  '@ast-grep/napi-linux-x64-musl@0.37.0':
    resolution: {integrity: sha512-/BcCH33S9E3ovOAEoxYngUNXgb+JLg991sdyiNP2bSoYd30a9RHrG7CYwW6fMgua3ijQ474eV6cq9yZO1bCpXg==}
    engines: {node: '>= 10'}
    cpu: [x64]
    os: [linux]

  '@ast-grep/napi-win32-arm64-msvc@0.37.0':
    resolution: {integrity: sha512-TjQA4cFoIEW2bgjLkaL9yqT4XWuuLa5MCNd0VCDhGRDMNQ9+rhwi9eLOWRaap3xzT7g+nlbcEHL3AkVCD2+b3A==}
    engines: {node: '>= 10'}
    cpu: [arm64]
    os: [win32]

  '@ast-grep/napi-win32-ia32-msvc@0.37.0':
    resolution: {integrity: sha512-uNmVka8fJCdYsyOlF9aZqQMLTatEYBynjChVTzUfFMDfmZ0bihs/YTqJVbkSm8TZM7CUX82apvn50z/dX5iWRA==}
    engines: {node: '>= 10'}
    cpu: [ia32]
    os: [win32]

  '@ast-grep/napi-win32-x64-msvc@0.37.0':
    resolution: {integrity: sha512-vCiFOT3hSCQuHHfZ933GAwnPzmL0G04JxQEsBRfqONywyT8bSdDc/ECpAfr3S9VcS4JZ9/F6tkePKW/Om2Dq2g==}
    engines: {node: '>= 10'}
    cpu: [x64]
    os: [win32]

  '@ast-grep/napi@0.37.0':
    resolution: {integrity: sha512-Hb4o6h1Pf6yRUAX07DR4JVY7dmQw+RVQMW5/m55GoiAT/VRoKCWBtIUPPOnqDVhbx1Cjfil9b6EDrgJsUAujEQ==}
    engines: {node: '>= 10'}

  '@biomejs/biome@2.2.3':
    resolution: {integrity: sha512-9w0uMTvPrIdvUrxazZ42Ib7t8Y2yoGLKLdNne93RLICmaHw7mcLv4PPb5LvZLJF3141gQHiCColOh/v6VWlWmg==}
    engines: {node: '>=14.21.3'}
    hasBin: true

  '@biomejs/cli-darwin-arm64@2.2.3':
    resolution: {integrity: sha512-OrqQVBpadB5eqzinXN4+Q6honBz+tTlKVCsbEuEpljK8ASSItzIRZUA02mTikl3H/1nO2BMPFiJ0nkEZNy3B1w==}
    engines: {node: '>=14.21.3'}
    cpu: [arm64]
    os: [darwin]

  '@biomejs/cli-darwin-x64@2.2.3':
    resolution: {integrity: sha512-OCdBpb1TmyfsTgBAM1kPMXyYKTohQ48WpiN9tkt9xvU6gKVKHY4oVwteBebiOqyfyzCNaSiuKIPjmHjUZ2ZNMg==}
    engines: {node: '>=14.21.3'}
    cpu: [x64]
    os: [darwin]

  '@biomejs/cli-linux-arm64-musl@2.2.3':
    resolution: {integrity: sha512-q3w9jJ6JFPZPeqyvwwPeaiS/6NEszZ+pXKF+IczNo8Xj6fsii45a4gEEicKyKIytalV+s829ACZujQlXAiVLBQ==}
    engines: {node: '>=14.21.3'}
    cpu: [arm64]
    os: [linux]

  '@biomejs/cli-linux-arm64@2.2.3':
    resolution: {integrity: sha512-g/Uta2DqYpECxG+vUmTAmUKlVhnGEcY7DXWgKP8ruLRa8Si1QHsWknPY3B/wCo0KgYiFIOAZ9hjsHfNb9L85+g==}
    engines: {node: '>=14.21.3'}
    cpu: [arm64]
    os: [linux]

  '@biomejs/cli-linux-x64-musl@2.2.3':
    resolution: {integrity: sha512-y76Dn4vkP1sMRGPFlNc+OTETBhGPJ90jY3il6jAfur8XWrYBQV3swZ1Jo0R2g+JpOeeoA0cOwM7mJG6svDz79w==}
    engines: {node: '>=14.21.3'}
    cpu: [x64]
    os: [linux]

  '@biomejs/cli-linux-x64@2.2.3':
    resolution: {integrity: sha512-LEtyYL1fJsvw35CxrbQ0gZoxOG3oZsAjzfRdvRBRHxOpQ91Q5doRVjvWW/wepgSdgk5hlaNzfeqpyGmfSD0Eyw==}
    engines: {node: '>=14.21.3'}
    cpu: [x64]
    os: [linux]

  '@biomejs/cli-win32-arm64@2.2.3':
    resolution: {integrity: sha512-Ms9zFYzjcJK7LV+AOMYnjN3pV3xL8Prxf9aWdDVL74onLn5kcvZ1ZMQswE5XHtnd/r/0bnUd928Rpbs14BzVmA==}
    engines: {node: '>=14.21.3'}
    cpu: [arm64]
    os: [win32]

  '@biomejs/cli-win32-x64@2.2.3':
    resolution: {integrity: sha512-gvCpewE7mBwBIpqk1YrUqNR4mCiyJm6UI3YWQQXkedSSEwzRdodRpaKhbdbHw1/hmTWOVXQ+Eih5Qctf4TCVOQ==}
    engines: {node: '>=14.21.3'}
    cpu: [x64]
    os: [win32]

  '@emnapi/core@1.6.0':
    resolution: {integrity: sha512-zq/ay+9fNIJJtJiZxdTnXS20PllcYMX3OE23ESc4HK/bdYu3cOWYVhsOhVnXALfU/uqJIxn5NBPd9z4v+SfoSg==}

  '@emnapi/runtime@1.6.0':
    resolution: {integrity: sha512-obtUmAHTMjll499P+D9A3axeJFlhdjOWdKUNs/U6QIGT7V5RjcUW1xToAzjvmgTSQhDbYn/NwfTRoJcQ2rNBxA==}

  '@emnapi/wasi-threads@1.1.0':
    resolution: {integrity: sha512-WI0DdZ8xFSbgMjR1sFsKABJ/C5OnRrjT06JXbZKexJGrDuPTzZdDYfFlsgcCXCyf+suG5QU2e/y1Wo2V/OapLQ==}

  '@module-federation/error-codes@0.18.0':
    resolution: {integrity: sha512-Woonm8ehyVIUPXChmbu80Zj6uJkC0dD9SJUZ/wOPtO8iiz/m+dkrOugAuKgoiR6qH4F+yorWila954tBz4uKsQ==}

  '@module-federation/error-codes@0.21.1':
    resolution: {integrity: sha512-h1brnwR9AbwMu1P7ZoJJ9j2O2XWkuMh5p03WhXI1vNEdl3xJheSAvH8RjG8FoKRccVgMnUNDQ+vDVwevUBms/A==}

  '@module-federation/runtime-core@0.18.0':
    resolution: {integrity: sha512-ZyYhrDyVAhUzriOsVfgL6vwd+5ebYm595Y13KeMf6TKDRoUHBMTLGQ8WM4TDj8JNsy7LigncK8C03fn97of0QQ==}

  '@module-federation/runtime-core@0.21.1':
    resolution: {integrity: sha512-COob5bepqDc9mKjTziXbQd4WQMCTzhc0cuXyraZhYddYcjcepzZrMpDIXG1x5p+gdg5p1vsGNWt/ZcU8cFh/pg==}

  '@module-federation/runtime-tools@0.18.0':
    resolution: {integrity: sha512-fSga9o4t1UfXNV/Kh6qFvRyZpPp3EHSPRISNeyT8ZoTpzDNiYzhtw0BPUSSD8m6C6XQh2s/11rI4g80UY+d+hA==}

  '@module-federation/runtime-tools@0.21.1':
    resolution: {integrity: sha512-uQmammw3Osg8370yiRqZwKo7eA5zkyml9pAX9x4oS9QAkEBvQpDogERlF9f7gAgcP2P3v+xLg3/bCdquD0gt8A==}

  '@module-federation/runtime@0.18.0':
    resolution: {integrity: sha512-+C4YtoSztM7nHwNyZl6dQKGUVJdsPrUdaf3HIKReg/GQbrt9uvOlUWo2NXMZ8vDAnf/QRrpSYAwXHmWDn9Obaw==}

  '@module-federation/runtime@0.21.1':
    resolution: {integrity: sha512-sfBrP0gEPwXPEiREVKVd0IjEWXtr3G/i7EUZVWTt4D491nNpswog/kuKFatGmhcBb+9uD5v9rxFgmIbgL9njnQ==}

  '@module-federation/sdk@0.18.0':
    resolution: {integrity: sha512-Lo/Feq73tO2unjmpRfyyoUkTVoejhItXOk/h5C+4cistnHbTV8XHrW/13fD5e1Iu60heVdAhhelJd6F898Ve9A==}

  '@module-federation/sdk@0.21.1':
    resolution: {integrity: sha512-1cHMrmCCao3NMFM4BkA0GDt4rbYbyneHct5E4z68cu5UBUnI3L/UboP5VNM8lkYMO1nCR8M0FcLkLhK35Nt48A==}

  '@module-federation/webpack-bundler-runtime@0.18.0':
    resolution: {integrity: sha512-TEvErbF+YQ+6IFimhUYKK3a5wapD90d90sLsNpcu2kB3QGT7t4nIluE25duXuZDVUKLz86tEPrza/oaaCWTpvQ==}

  '@module-federation/webpack-bundler-runtime@0.21.1':
    resolution: {integrity: sha512-yyXX6ugTV07pMxMzAHt6/JDwblS3f1NDyUI7l44CyYgXpl2ItEEUs5aj5h/5xU1c9Px7M//KkY3qW+InW4tR/A==}

  '@napi-rs/wasm-runtime@1.0.7':
    resolution: {integrity: sha512-SeDnOO0Tk7Okiq6DbXmmBODgOAb9dp9gjlphokTUxmt8U3liIP1ZsozBahH69j/RJv+Rfs6IwUKHTgQYJ/HBAw==}

  '@rsbuild/core@1.5.17':
    resolution: {integrity: sha512-tHa4puv+pEooQvSewu/K5sm270nkVPcP07Ioz1c+fbFCrFpiZWV5XumgznilS80097glUrieN+9xTbIHGXjThQ==}
    engines: {node: '>=18.12.0'}
    hasBin: true

  '@rsbuild/core@1.6.0-beta.1':
    resolution: {integrity: sha512-UjQnvXDW9m/hS4DP66ubGIMVjK2PzYx8tzgiinrO0kjNCr9i8KWuJSJGUWyczFMpSsXxp20LnuTxtx7kiGiYdA==}
    engines: {node: '>=18.12.0'}
    hasBin: true

  '@rslib/core@0.16.1':
    resolution: {integrity: sha512-KhZwWO4kcP4PPdBH2aAgg/A6FYapbDh2rhsxo8dqOOPWCjDFU3QKAYPieKg+k4IrRQlye8AWOXo2rbyF4FC01g==}
    engines: {node: '>=18.12.0'}
    hasBin: true
    peerDependencies:
      '@microsoft/api-extractor': ^7
      typescript: ^5
    peerDependenciesMeta:
      '@microsoft/api-extractor':
        optional: true
      typescript:
        optional: true

  '@rspack/binding-darwin-arm64@1.5.8':
    resolution: {integrity: sha512-spJfpOSN3f7V90ic45/ET2NKB2ujAViCNmqb0iGurMNQtFRq+7Kd+jvVKKGXKBHBbsQrFhidSWbbqy2PBPGK8g==}
    cpu: [arm64]
    os: [darwin]

  '@rspack/binding-darwin-arm64@1.6.0-beta.1':
    resolution: {integrity: sha512-RXQ97iVXgvQAb/cq265z/txdHOOJ6fQQRBfnn0IfMNk7gT4W2rvsLrOqQpwtMKxYV4N/mfWnycfAVa0OOf22Gg==}
    cpu: [arm64]
    os: [darwin]

  '@rspack/binding-darwin-x64@1.5.8':
    resolution: {integrity: sha512-YFOzeL1IBknBcri8vjUp43dfUBylCeQnD+9O9p0wZmLAw7DtpN5JEOe2AkGo8kdTqJjYKI+cczJPKIw6lu1LWw==}
    cpu: [x64]
    os: [darwin]

  '@rspack/binding-darwin-x64@1.6.0-beta.1':
    resolution: {integrity: sha512-Ulb7Jyyvuf28BwPXZKSbglaSK/19b32ItWT+pgswhbFsnfhzAQQd7Jo7TUEvHNHAdVDiES8VFlrnOhOSnwEOLg==}
    cpu: [x64]
    os: [darwin]

  '@rspack/binding-linux-arm64-gnu@1.5.8':
    resolution: {integrity: sha512-UAWCsOnpkvy8eAVRo0uipbHXDhnoDq5zmqWTMhpga0/a3yzCp2e+fnjZb/qnFNYb5MeL0O1mwMOYgn1M3oHILQ==}
    cpu: [arm64]
    os: [linux]

  '@rspack/binding-linux-arm64-gnu@1.6.0-beta.1':
    resolution: {integrity: sha512-UyUoh5RXHTWCktqPVnqoc5rwlWyLkWqGu6ga+iyJHDxdxlrHFfwJnTSnCd4y8cRadf7CrmjHElxE61GU3WCYhw==}
    cpu: [arm64]
    os: [linux]

  '@rspack/binding-linux-arm64-musl@1.5.8':
    resolution: {integrity: sha512-GnSvGT4GjokPSD45cTtE+g7LgghuxSP1MRmvd+Vp/I8pnxTVSTsebRod4TAqyiv+l11nuS8yqNveK9qiOkBLWw==}
    cpu: [arm64]
    os: [linux]

  '@rspack/binding-linux-arm64-musl@1.6.0-beta.1':
    resolution: {integrity: sha512-JAXVKHQieN4Ruvs7MstvsPUtRBSAROqJ0abCh4rXdV+FzncKp/ZkdfjQploDhBWtWfU8rPvIjaxeZcPfHMI5/A==}
    cpu: [arm64]
    os: [linux]

  '@rspack/binding-linux-x64-gnu@1.5.8':
    resolution: {integrity: sha512-XLxh5n/pzUfxsugz/8rVBv+Tx2nqEM+9rharK69kfooDsQNKyz7PANllBQ/v4svJ+W0BRHnDL4qXSGdteZeEjA==}
    cpu: [x64]
    os: [linux]

  '@rspack/binding-linux-x64-gnu@1.6.0-beta.1':
    resolution: {integrity: sha512-LqAos71CJS5/V4knX9T7T68oGz0XPRZ2IJmI3jEByRlNcyZdxYeQ7Dw09JO9Y5Xj0T+0cudOeL2MxHcD3gTF/w==}
    cpu: [x64]
    os: [linux]

  '@rspack/binding-linux-x64-musl@1.5.8':
    resolution: {integrity: sha512-gE0+MZmwF+01p9/svpEESkzkLpBkVUG2o03YMpwXYC/maeRRhWvF8BJ7R3i/Ls/jFGSE87dKX5NbRLVzqksq/w==}
    cpu: [x64]
    os: [linux]

  '@rspack/binding-linux-x64-musl@1.6.0-beta.1':
    resolution: {integrity: sha512-E4dRMzIHYaoYkgmDTFLrgnGtdspbAuVbLfaPF9AWW5YkQn52obGAgbbNb1wi1JJ5f29nTBoLauYCucEO5IGFvA==}
    cpu: [x64]
    os: [linux]

  '@rspack/binding-wasm32-wasi@1.5.8':
    resolution: {integrity: sha512-cfg3niNHeJuxuml1Vy9VvaJrI/5TakzoaZvKX2g5S24wfzR50Eyy4JAsZ+L2voWQQp1yMJbmPYPmnTCTxdJQBQ==}
    cpu: [wasm32]

  '@rspack/binding-wasm32-wasi@1.6.0-beta.1':
    resolution: {integrity: sha512-PaKEjXOkYprSFlgdgVm/P3pv2E8nAQx9WSGgPmMVIAtxo3Cyz0wwFf0f1Bp9wCw0KkIWgi+9lz8oXNkgKZilug==}
    cpu: [wasm32]

  '@rspack/binding-win32-arm64-msvc@1.5.8':
    resolution: {integrity: sha512-7i3ZTHFXKfU/9Jm9XhpMkrdkxO7lfeYMNVEGkuU5dyBfRMQj69dRgPL7zJwc2plXiqu9LUOl+TwDNTjap7Q36g==}
    cpu: [arm64]
    os: [win32]

  '@rspack/binding-win32-arm64-msvc@1.6.0-beta.1':
    resolution: {integrity: sha512-HWz9Qxrjf3TKLCwiFPJaqw+STvEsBvFYZvBXZ8umIZXqtdfgQP5d91V8JRG4Gg1J6xnGC/KhZexxBuR/y64aBA==}
    cpu: [arm64]
    os: [win32]

  '@rspack/binding-win32-ia32-msvc@1.5.8':
    resolution: {integrity: sha512-7ZPPWO11J+soea1+mnfaPpQt7GIodBM7A86dx6PbXgVEoZmetcWPrCF2NBfXxQWOKJ9L3RYltC4z+ZyXRgMOrw==}
    cpu: [ia32]
    os: [win32]

  '@rspack/binding-win32-ia32-msvc@1.6.0-beta.1':
    resolution: {integrity: sha512-alAZHRuyPzCH3rJpEC9EBE60EZPnQjzltZ6HN8lsCidACMFTzaLBvuzZyYQah+Zm58O22ok2Eon4BpP1Coizgg==}
    cpu: [ia32]
    os: [win32]

  '@rspack/binding-win32-x64-msvc@1.5.8':
    resolution: {integrity: sha512-N/zXQgzIxME3YUzXT8qnyzxjqcnXudWOeDh8CAG9zqTCnCiy16SFfQ/cQgEoLlD9geQntV6jx2GbDDI5kpDGMQ==}
    cpu: [x64]
    os: [win32]

  '@rspack/binding-win32-x64-msvc@1.6.0-beta.1':
    resolution: {integrity: sha512-/WBzhed0Cu0o9XQ9caGgWwzyNnnPKlENlExa2aGbRCbB14/+CwfhCyETyKlc/ID+dtlV/eHKTC9cckUNI8NpTQ==}
    cpu: [x64]
    os: [win32]

  '@rspack/binding@1.5.8':
    resolution: {integrity: sha512-/91CzhRl9r5BIQCgGsS7jA6MDbw1I2BQpbfcUUdkdKl2P79K3Zo/Mw/TvKzS86catwLaUQEgkGRmYawOfPg7ow==}

  '@rspack/binding@1.6.0-beta.1':
    resolution: {integrity: sha512-r3L60ekkDLM5qoRjCMrqsgwU9SQ5e8oA/Omltu/FEEUspIVHawPvAqNZvAXnGB+FoNxM8YgdRRh12PAwXJww0A==}

  '@rspack/core@1.5.8':
    resolution: {integrity: sha512-sUd2LfiDhqYVfvknuoz0+/c+wSpn693xotnG5g1CSWKZArbtwiYzBIVnNlcHGmuoBRsnj/TkSq8dTQ7gwfBroQ==}
    engines: {node: '>=18.12.0'}
    peerDependencies:
      '@swc/helpers': '>=0.5.1'
    peerDependenciesMeta:
      '@swc/helpers':
        optional: true

  '@rspack/core@1.6.0-beta.1':
    resolution: {integrity: sha512-2ff8XWonPPHyQ6mEWogMspg+Sul3lXZUfNQVrbYSjfNpi8CeDV0/ZtRbHHbAXiy6pz5fvBFL6X+i/ATckjTYBw==}
    engines: {node: '>=18.12.0'}
    peerDependencies:
      '@swc/helpers': '>=0.5.1'
    peerDependenciesMeta:
      '@swc/helpers':
        optional: true

  '@rspack/lite-tapable@1.0.1':
    resolution: {integrity: sha512-VynGOEsVw2s8TAlLf/uESfrgfrq2+rcXB1muPJYBWbsm1Oa6r5qVQhjA5ggM6z/coYPrsVMgovl3Ff7Q7OCp1w==}
    engines: {node: '>=16.0.0'}

  '@swc/helpers@0.5.17':
    resolution: {integrity: sha512-5IKx/Y13RsYd+sauPb2x+U/xZikHjolzfuDgTAl/Tdf3Q8rslRvC19NKDLgAJQ6wsqADk10ntlv08nPFw/gO/A==}

  '@tybys/wasm-util@0.10.1':
    resolution: {integrity: sha512-9tTaPJLSiejZKx+Bmog4uSubteqTvFrVrURwkmHixBo0G4seD0zUxp98E1DzUBJxLQ3NPwXrGKDiVjwx/DpPsg==}

  '@types/node@22.18.12':
    resolution: {integrity: sha512-BICHQ67iqxQGFSzfCFTT7MRQ5XcBjG5aeKh5Ok38UBbPe5fxTyE+aHFxwVrGyr8GNlqFMLKD1D3P2K/1ks8tog==}

  core-js@3.46.0:
    resolution: {integrity: sha512-vDMm9B0xnqqZ8uSBpZ8sNtRtOdmfShrvT6h2TuQGLs0Is+cR0DYbj/KWP6ALVNbWPpqA/qPLoOuppJN07humpA==}

  jiti@2.6.1:
    resolution: {integrity: sha512-ekilCSN1jwRvIbgeg/57YFh8qQDNbwDb9xT/qu2DAHbFFZUicIl4ygVaAvzveMhMVr3LnpSKTNnwt8PoOfmKhQ==}
    hasBin: true

  rsbuild-plugin-dts@0.16.1:
    resolution: {integrity: sha512-2/5ihqhc6q42gor9KsS+Kyeqv3hY3wt65tsL7gIRLjjBrlrVeo2MIyTjXcFpJ6hgLslJzm2KITpIDr9nxs30CA==}
    engines: {node: '>=18.12.0'}
    peerDependencies:
      '@microsoft/api-extractor': ^7
      '@rsbuild/core': 1.x
      '@typescript/native-preview': 7.x
      typescript: ^5
    peerDependenciesMeta:
      '@microsoft/api-extractor':
        optional: true
      '@typescript/native-preview':
        optional: true
      typescript:
        optional: true

  tslib@2.8.1:
    resolution: {integrity: sha512-oJFu94HQb+KVduSUQL7wnpmqnfmLsOA/nAh6b6EH0wCEoK0/mPeXU6c3wKDV83MkOuHPRHtSXKKU99IBazS/2w==}

  typescript@5.9.3:
    resolution: {integrity: sha512-jl1vZzPDinLr9eUt3J/t7V6FgNEw9QjvBPdysz9KfQDD41fQrC2Y4vKQdiaUpFT4bXlb1RHhLpp8wtm6M5TgSw==}
    engines: {node: '>=14.17'}
    hasBin: true

  undici-types@6.21.0:
    resolution: {integrity: sha512-iwDZqg0QAGrg9Rav5H4n0M64c3mkR59cJ6wQp+7C4nI0gsmExaedaYLNO44eT4AtBBwjbTiGPMlt2Md0T9H9JQ==}

snapshots:

  '@ast-grep/napi-darwin-arm64@0.37.0':
    optional: true

  '@ast-grep/napi-darwin-x64@0.37.0':
    optional: true

  '@ast-grep/napi-linux-arm64-gnu@0.37.0':
    optional: true

  '@ast-grep/napi-linux-arm64-musl@0.37.0':
    optional: true

  '@ast-grep/napi-linux-x64-gnu@0.37.0':
    optional: true

  '@ast-grep/napi-linux-x64-musl@0.37.0':
    optional: true

  '@ast-grep/napi-win32-arm64-msvc@0.37.0':
    optional: true

  '@ast-grep/napi-win32-ia32-msvc@0.37.0':
    optional: true

  '@ast-grep/napi-win32-x64-msvc@0.37.0':
    optional: true

  '@ast-grep/napi@0.37.0':
    optionalDependencies:
      '@ast-grep/napi-darwin-arm64': 0.37.0
      '@ast-grep/napi-darwin-x64': 0.37.0
      '@ast-grep/napi-linux-arm64-gnu': 0.37.0
      '@ast-grep/napi-linux-arm64-musl': 0.37.0
      '@ast-grep/napi-linux-x64-gnu': 0.37.0
      '@ast-grep/napi-linux-x64-musl': 0.37.0
      '@ast-grep/napi-win32-arm64-msvc': 0.37.0
      '@ast-grep/napi-win32-ia32-msvc': 0.37.0
      '@ast-grep/napi-win32-x64-msvc': 0.37.0

  '@biomejs/biome@2.2.3':
    optionalDependencies:
      '@biomejs/cli-darwin-arm64': 2.2.3
      '@biomejs/cli-darwin-x64': 2.2.3
      '@biomejs/cli-linux-arm64': 2.2.3
      '@biomejs/cli-linux-arm64-musl': 2.2.3
      '@biomejs/cli-linux-x64': 2.2.3
      '@biomejs/cli-linux-x64-musl': 2.2.3
      '@biomejs/cli-win32-arm64': 2.2.3
      '@biomejs/cli-win32-x64': 2.2.3

  '@biomejs/cli-darwin-arm64@2.2.3':
    optional: true

  '@biomejs/cli-darwin-x64@2.2.3':
    optional: true

  '@biomejs/cli-linux-arm64-musl@2.2.3':
    optional: true

  '@biomejs/cli-linux-arm64@2.2.3':
    optional: true

  '@biomejs/cli-linux-x64-musl@2.2.3':
    optional: true

  '@biomejs/cli-linux-x64@2.2.3':
    optional: true

  '@biomejs/cli-win32-arm64@2.2.3':
    optional: true

  '@biomejs/cli-win32-x64@2.2.3':
    optional: true

  '@emnapi/core@1.6.0':
    dependencies:
      '@emnapi/wasi-threads': 1.1.0
      tslib: 2.8.1
    optional: true

  '@emnapi/runtime@1.6.0':
    dependencies:
      tslib: 2.8.1
    optional: true

  '@emnapi/wasi-threads@1.1.0':
    dependencies:
      tslib: 2.8.1
    optional: true

  '@module-federation/error-codes@0.18.0': {}

  '@module-federation/error-codes@0.21.1': {}

  '@module-federation/runtime-core@0.18.0':
    dependencies:
      '@module-federation/error-codes': 0.18.0
      '@module-federation/sdk': 0.18.0

  '@module-federation/runtime-core@0.21.1':
    dependencies:
      '@module-federation/error-codes': 0.21.1
      '@module-federation/sdk': 0.21.1

  '@module-federation/runtime-tools@0.18.0':
    dependencies:
      '@module-federation/runtime': 0.18.0
      '@module-federation/webpack-bundler-runtime': 0.18.0

  '@module-federation/runtime-tools@0.21.1':
    dependencies:
      '@module-federation/runtime': 0.21.1
      '@module-federation/webpack-bundler-runtime': 0.21.1

  '@module-federation/runtime@0.18.0':
    dependencies:
      '@module-federation/error-codes': 0.18.0
      '@module-federation/runtime-core': 0.18.0
      '@module-federation/sdk': 0.18.0

  '@module-federation/runtime@0.21.1':
    dependencies:
      '@module-federation/error-codes': 0.21.1
      '@module-federation/runtime-core': 0.21.1
      '@module-federation/sdk': 0.21.1

  '@module-federation/sdk@0.18.0': {}

  '@module-federation/sdk@0.21.1': {}

  '@module-federation/webpack-bundler-runtime@0.18.0':
    dependencies:
      '@module-federation/runtime': 0.18.0
      '@module-federation/sdk': 0.18.0

  '@module-federation/webpack-bundler-runtime@0.21.1':
    dependencies:
      '@module-federation/runtime': 0.21.1
      '@module-federation/sdk': 0.21.1

  '@napi-rs/wasm-runtime@1.0.7':
    dependencies:
      '@emnapi/core': 1.6.0
      '@emnapi/runtime': 1.6.0
      '@tybys/wasm-util': 0.10.1
    optional: true

  '@rsbuild/core@1.5.17':
    dependencies:
      '@rspack/core': 1.5.8(@swc/helpers@0.5.17)
      '@rspack/lite-tapable': 1.0.1
      '@swc/helpers': 0.5.17
      core-js: 3.46.0
      jiti: 2.6.1

  '@rsbuild/core@1.6.0-beta.1':
    dependencies:
      '@rspack/core': 1.6.0-beta.1(@swc/helpers@0.5.17)
      '@rspack/lite-tapable': 1.0.1
      '@swc/helpers': 0.5.17
      core-js: 3.46.0
      jiti: 2.6.1

  '@rslib/core@0.16.1(typescript@5.9.3)':
    dependencies:
      '@rsbuild/core': 1.6.0-beta.1
      rsbuild-plugin-dts: 0.16.1(@rsbuild/core@1.6.0-beta.1)(typescript@5.9.3)
    optionalDependencies:
      typescript: 5.9.3
    transitivePeerDependencies:
      - '@typescript/native-preview'

  '@rspack/binding-darwin-arm64@1.5.8':
    optional: true

  '@rspack/binding-darwin-arm64@1.6.0-beta.1':
    optional: true

  '@rspack/binding-darwin-x64@1.5.8':
    optional: true

  '@rspack/binding-darwin-x64@1.6.0-beta.1':
    optional: true

  '@rspack/binding-linux-arm64-gnu@1.5.8':
    optional: true

  '@rspack/binding-linux-arm64-gnu@1.6.0-beta.1':
    optional: true

  '@rspack/binding-linux-arm64-musl@1.5.8':
    optional: true

  '@rspack/binding-linux-arm64-musl@1.6.0-beta.1':
    optional: true

  '@rspack/binding-linux-x64-gnu@1.5.8':
    optional: true

  '@rspack/binding-linux-x64-gnu@1.6.0-beta.1':
    optional: true

  '@rspack/binding-linux-x64-musl@1.5.8':
    optional: true

  '@rspack/binding-linux-x64-musl@1.6.0-beta.1':
    optional: true

  '@rspack/binding-wasm32-wasi@1.5.8':
    dependencies:
      '@napi-rs/wasm-runtime': 1.0.7
    optional: true

  '@rspack/binding-wasm32-wasi@1.6.0-beta.1':
    dependencies:
      '@napi-rs/wasm-runtime': 1.0.7
    optional: true

  '@rspack/binding-win32-arm64-msvc@1.5.8':
    optional: true

  '@rspack/binding-win32-arm64-msvc@1.6.0-beta.1':
    optional: true

  '@rspack/binding-win32-ia32-msvc@1.5.8':
    optional: true

  '@rspack/binding-win32-ia32-msvc@1.6.0-beta.1':
    optional: true

  '@rspack/binding-win32-x64-msvc@1.5.8':
    optional: true

  '@rspack/binding-win32-x64-msvc@1.6.0-beta.1':
    optional: true

  '@rspack/binding@1.5.8':
    optionalDependencies:
      '@rspack/binding-darwin-arm64': 1.5.8
      '@rspack/binding-darwin-x64': 1.5.8
      '@rspack/binding-linux-arm64-gnu': 1.5.8
      '@rspack/binding-linux-arm64-musl': 1.5.8
      '@rspack/binding-linux-x64-gnu': 1.5.8
      '@rspack/binding-linux-x64-musl': 1.5.8
      '@rspack/binding-wasm32-wasi': 1.5.8
      '@rspack/binding-win32-arm64-msvc': 1.5.8
      '@rspack/binding-win32-ia32-msvc': 1.5.8
      '@rspack/binding-win32-x64-msvc': 1.5.8

  '@rspack/binding@1.6.0-beta.1':
    optionalDependencies:
      '@rspack/binding-darwin-arm64': 1.6.0-beta.1
      '@rspack/binding-darwin-x64': 1.6.0-beta.1
      '@rspack/binding-linux-arm64-gnu': 1.6.0-beta.1
      '@rspack/binding-linux-arm64-musl': 1.6.0-beta.1
      '@rspack/binding-linux-x64-gnu': 1.6.0-beta.1
      '@rspack/binding-linux-x64-musl': 1.6.0-beta.1
      '@rspack/binding-wasm32-wasi': 1.6.0-beta.1
      '@rspack/binding-win32-arm64-msvc': 1.6.0-beta.1
      '@rspack/binding-win32-ia32-msvc': 1.6.0-beta.1
      '@rspack/binding-win32-x64-msvc': 1.6.0-beta.1

  '@rspack/core@1.5.8(@swc/helpers@0.5.17)':
    dependencies:
      '@module-federation/runtime-tools': 0.18.0
      '@rspack/binding': 1.5.8
      '@rspack/lite-tapable': 1.0.1
    optionalDependencies:
      '@swc/helpers': 0.5.17

  '@rspack/core@1.6.0-beta.1(@swc/helpers@0.5.17)':
    dependencies:
      '@module-federation/runtime-tools': 0.21.1
      '@rspack/binding': 1.6.0-beta.1
      '@rspack/lite-tapable': 1.0.1
    optionalDependencies:
      '@swc/helpers': 0.5.17

  '@rspack/lite-tapable@1.0.1': {}

  '@swc/helpers@0.5.17':
    dependencies:
      tslib: 2.8.1

  '@tybys/wasm-util@0.10.1':
    dependencies:
      tslib: 2.8.1
    optional: true

  '@types/node@22.18.12':
    dependencies:
      undici-types: 6.21.0

  core-js@3.46.0: {}

  jiti@2.6.1: {}

  rsbuild-plugin-dts@0.16.1(@rsbuild/core@1.6.0-beta.1)(typescript@5.9.3):
    dependencies:
      '@ast-grep/napi': 0.37.0
      '@rsbuild/core': 1.6.0-beta.1
    optionalDependencies:
      typescript: 5.9.3

  tslib@2.8.1: {}

  typescript@5.9.3: {}

  undici-types@6.21.0: {}
